# THIS IS AN AUTOGENERATED FILE. DO NOT EDIT THIS FILE DIRECTLY.
# yarn lockfile v1


"@types/node@>=8.1.0":
  version "13.9.3"
  resolved "https://registry.yarnpkg.com/@types/node/-/node-13.9.3.tgz#6356df2647de9eac569f9a52eda3480fa9e70b4d"
  integrity sha512-01s+ac4qerwd6RHD+mVbOEsraDHSgUaefQlEdBbUolnQFjKwCr7luvAlEwW1RFojh67u0z4OUTjPn9LEl4zIkA==

qs@^6.6.0:
  version "6.9.2"
  resolved "https://registry.yarnpkg.com/qs/-/qs-6.9.2.tgz#a27b695006544a04bf0e6c6a7e8120778926d5bd"
  integrity sha512-2eQ6zajpK7HwqrY1rRtGw5IZvjgtELXzJECaEDuzDFo2jjnIXpJSimzd4qflWZq6bLLi+Zgfj5eDrAzl/lptyg==

stripe@^8.33.0:
  version "8.33.0"
  resolved "https://registry.yarnpkg.com/stripe/-/stripe-8.33.0.tgz#5e4ef3f2059781f33857164951fc845bb1ba650f"
  integrity sha512-fj7gOJ5/uy0xWWRV5VJ1WaAPHNIyJMFVubbLuUJCcmDQI6WzwTl+NCikWouAkjExyYwhKbSpSK2SFLKOoQca0A==
  dependencies:
    "@types/node" ">=8.1.0"
    qs "^6.6.0"
